
Microsoft Visual Studio Solution File, Format Version 12.00
# Visual Studio Version 16
VisualStudioVersion = 16.0.30621.155
MinimumVisualStudioVersion = 10.0.40219.1
Project("{FAE04EC0-301F-11D3-BF4B-00C04F79EFBC}") = "1. Reverse Strings", "1. Reverse Strings\1. Reverse Strings.csproj", "{B7D8CEAC-DD54-4D78-9D84-98E42A577E9F}"
EndProject
Project("{FAE04EC0-301F-11D3-BF4B-00C04F79EFBC}") = "2. Repeat Strings", "2. Repeat Strings\2. Repeat Strings.csproj", "{BB798265-2A04-4FAB-B315-16206D4E2ED3}"
EndProject
Project("{FAE04EC0-301F-11D3-BF4B-00C04F79EFBC}") = "3. Substring", "3. Substring\3. Substring.csproj", "{0C51CDDD-0978-48F6-841A-DC7F6548C1D9}"
EndProject
Project("{FAE04EC0-301F-11D3-BF4B-00C04F79EFBC}") = "4. Text Filter", "4. Text Filter\4. Text Filter.csproj", "{2DF50AC5-2E87-4BEC-A1DC-3E968E3E8FAC}"
EndProject
Project("{FAE04EC0-301F-11D3-BF4B-00C04F79EFBC}") = "5. Digits, Letters and Other", "5. Digits, Letters and Other\5. Digits, Letters and Other.csproj", "{5F233311-F1D0-4469-B457-46375B360225}"
EndProject
Global
	GlobalSection(SolutionConfigurationPlatforms) = preSolution
		Debug|Any CPU = Debug|Any CPU
		Release|Any CPU = Release|Any CPU
	EndGlobalSection
	GlobalSection(ProjectConfigurationPlatforms) = postSolution
		{B7D8CEAC-DD54-4D78-9D84-98E42A577E9F}.Debug|Any CPU.ActiveCfg = Debug|Any CPU
		{B7D8CEAC-DD54-4D78-9D84-98E42A577E9F}.Debug|Any CPU.Build.0 = Debug|Any CPU
		{B7D8CEAC-DD54-4D78-9D84-98E42A577E9F}.Release|Any CPU.ActiveCfg = Release|Any CPU
		{B7D8CEAC-DD54-4D78-9D84-98E42A577E9F}.Release|Any CPU.Build.0 = Release|Any CPU
		{BB798265-2A04-4FAB-B315-16206D4E2ED3}.Debug|Any CPU.ActiveCfg = Debug|Any CPU
		{BB798265-2A04-4FAB-B315-16206D4E2ED3}.Debug|Any CPU.Build.0 = Debug|Any CPU
		{BB798265-2A04-4FAB-B315-16206D4E2ED3}.Release|Any CPU.ActiveCfg = Release|Any CPU
		{BB798265-2A04-4FAB-B315-16206D4E2ED3}.Release|Any CPU.Build.0 = Release|Any CPU
		{0C51CDDD-0978-48F6-841A-DC7F6548C1D9}.Debug|Any CPU.ActiveCfg = Debug|Any CPU
		{0C51CDDD-0978-48F6-841A-DC7F6548C1D9}.Debug|Any CPU.Build.0 = Debug|Any CPU
		{0C51CDDD-0978-48F6-841A-DC7F6548C1D9}.Release|Any CPU.ActiveCfg = Release|Any CPU
		{0C51CDDD-0978-48F6-841A-DC7F6548C1D9}.Release|Any CPU.Build.0 = Release|Any CPU
		{2DF50AC5-2E87-4BEC-A1DC-3E968E3E8FAC}.Debug|Any CPU.ActiveCfg = Debug|Any CPU
		{2DF50AC5-2E87-4BEC-A1DC-3E968E3E8FAC}.Debug|Any CPU.Build.0 = Debug|Any CPU
		{2DF50AC5-2E87-4BEC-A1DC-3E968E3E8FAC}.Release|Any CPU.ActiveCfg = Release|Any CPU
		{2DF50AC5-2E87-4BEC-A1DC-3E968E3E8FAC}.Release|Any CPU.Build.0 = Release|Any CPU
		{5F233311-F1D0-4469-B457-46375B360225}.Debug|Any CPU.ActiveCfg = Debug|Any CPU
		{5F233311-F1D0-4469-B457-46375B360225}.Debug|Any CPU.Build.0 = Debug|Any CPU
		{5F233311-F1D0-4469-B457-46375B360225}.Release|Any CPU.ActiveCfg = Release|Any CPU
		{5F233311-F1D0-4469-B457-46375B360225}.Release|Any CPU.Build.0 = Release|Any CPU
	EndGlobalSection
	GlobalSection(SolutionProperties) = preSolution
		HideSolutionNode = FALSE
	EndGlobalSection
	GlobalSection(ExtensibilityGlobals) = postSolution
		SolutionGuid = {08E415BE-E25D-42E1-8731-4190E7B45D5B}
	EndGlobalSection
EndGlobal
